// !$*UTF8*$!
{
	archiveVersion = 1;
	classes = {
	};
	objectVersion = 56;
	objects = {

/* Begin PBXBuildFile section */
		AF0C742C2BD7507000A7793D /* AppDelegate.swift in Sources */ = {isa = PBXBuildFile; fileRef = AF0C742B2BD7507000A7793D /* AppDelegate.swift */; };
		AF0C742E2BD7507000A7793D /* SceneDelegate.swift in Sources */ = {isa = PBXBuildFile; fileRef = AF0C742D2BD7507000A7793D /* SceneDelegate.swift */; };
		AF0C74302BD7507000A7793D /* ViewController.swift in Sources */ = {isa = PBXBuildFile; fileRef = AF0C742F2BD7507000A7793D /* ViewController.swift */; };
		AF0C74332BD7507100A7793D /* Main.storyboard in Resources */ = {isa = PBXBuildFile; fileRef = AF0C74312BD7507100A7793D /* Main.storyboard */; };
		AF0C74352BD7507100A7793D /* Assets.xcassets in Resources */ = {isa = PBXBuildFile; fileRef = AF0C74342BD7507100A7793D /* Assets.xcassets */; };
		AF0C74382BD7507100A7793D /* LaunchScreen.storyboard in Resources */ = {isa = PBXBuildFile; fileRef = AF0C74362BD7507100A7793D /* LaunchScreen.storyboard */; };
		AF0C74432BD7507100A7793D /* MotivationTests.swift in Sources */ = {isa = PBXBuildFile; fileRef = AF0C74422BD7507100A7793D /* MotivationTests.swift */; };
/* End PBXBuildFile section */

/* Begin PBXContainerItemProxy section */
		AF0C743F2BD7507100A7793D /* PBXContainerItemProxy */ = {
			isa = PBXContainerItemProxy;
			containerPortal = AF0C74202BD7507000A7793D /* Project object */;
			proxyType = 1;
			remoteGlobalIDString = AF0C74272BD7507000A7793D;
			remoteInfo = Motivation;
		};
/* End PBXContainerItemProxy section */

/* Begin PBXFileReference section */
		AF0C74282BD7507000A7793D /* Motivation.app */ = {isa = PBXFileReference; explicitFileType = wrapper.application; includeInIndex = 0; path = Motivation.app; sourceTree = BUILT_PRODUCTS_DIR; };
		AF0C742B2BD7507000A7793D /* AppDelegate.swift */ = {isa = PBXFileReference; lastKnownFileType = sourcecode.swift; path = AppDelegate.swift; sourceTree = "<group>"; };
		AF0C742D2BD7507000A7793D /* SceneDelegate.swift */ = {isa = PBXFileReference; lastKnownFileType = sourcecode.swift; path = SceneDelegate.swift; sourceTree = "<group>"; };
		AF0C742F2BD7507000A7793D /* ViewController.swift */ = {isa = PBXFileReference; lastKnownFileType = sourcecode.swift; path = ViewController.swift; sourceTree = "<group>"; };
		AF0C74322BD7507100A7793D /* Base */ = {isa = PBXFileReference; lastKnownFileType = file.storyboard; name = Base; path = Base.lproj/Main.storyboard; sourceTree = "<group>"; };
		AF0C74342BD7507100A7793D /* Assets.xcassets */ = {isa = PBXFileReference; lastKnownFileType = folder.assetcatalog; path = Assets.xcassets; sourceTree = "<group>"; };
		AF0C74372BD7507100A7793D /* Base */ = {isa = PBXFileReference; lastKnownFileType = file.storyboard; name = Base; path = Base.lproj/LaunchScreen.storyboard; sourceTree = "<group>"; };
		AF0C74392BD7507100A7793D /* Info.plist */ = {isa = PBXFileReference; lastKnownFileType = text.plist.xml; path = Info.plist; sourceTree = "<group>"; };
		AF0C743E2BD7507100A7793D /* MotivationTests.xctest */ = {isa = PBXFileReference; explicitFileType = wrapper.cfbundle; includeInIndex = 0; path = MotivationTests.xctest; sourceTree = BUILT_PRODUCTS_DIR; };
		AF0C74422BD7507100A7793D /* MotivationTests.swift */ = {isa = PBXFileReference; lastKnownFileType = sourcecode.swift; path = MotivationTests.swift; sourceTree = "<group>"; };
		AFC3DC1A2BE1D7C100A3878A /* Motivation.xctestplan */ = {isa = PBXFileReference; lastKnownFileType = text; path = Motivation.xctestplan; sourceTree = "<group>"; };
/* End PBXFileReference section */

/* Begin PBXFrameworksBuildPhase section */
		AF0C74252BD7507000A7793D /* Frameworks */ = {
			isa = PBXFrameworksBuildPhase;
			buildActionMask = 2147483647;
			files = (
			);
			runOnlyForDeploymentPostprocessing = 0;
		};
		AF0C743B2BD7507100A7793D /* Frameworks */ = {
			isa = PBXFrameworksBuildPhase;
			buildActionMask = 2147483647;
			files = (
			);
			runOnlyForDeploymentPostprocessing = 0;
		};
/* End PBXFrameworksBuildPhase section */

/* Begin PBXGroup section */
		AF0C741F2BD7507000A7793D = {
			isa = PBXGroup;
			children = (
				AF0C742A2BD7507000A7793D /* Motivation */,
				AF0C74412BD7507100A7793D /* MotivationTests */,
				AF0C74292BD7507000A7793D /* Products */,
			);
			sourceTree = "<group>";
		};
		AF0C74292BD7507000A7793D /* Products */ = {
			isa = PBXGroup;
			children = (
				AF0C74282BD7507000A7793D /* Motivation.app */,
				AF0C743E2BD7507100A7793D /* MotivationTests.xctest */,
			);
			name = Products;
			sourceTree = "<group>";
		};
		AF0C742A2BD7507000A7793D /* Motivation */ = {
			isa = PBXGroup;
			children = (
				AFC3DC1A2BE1D7C100A3878A /* Motivation.xctestplan */,
				AF0C742B2BD7507000A7793D /* AppDelegate.swift */,
				AF0C742D2BD7507000A7793D /* SceneDelegate.swift */,
				AF0C742F2BD7507000A7793D /* ViewController.swift */,
				AF0C74312BD7507100A7793D /* Main.storyboard */,
				AF0C74342BD7507100A7793D /* Assets.xcassets */,
				AF0C74362BD7507100A7793D /* LaunchScreen.storyboard */,
				AF0C74392BD7507100A7793D /* Info.plist */,
			);
			path = Motivation;
			sourceTree = "<group>";
		};
		AF0C74412BD7507100A7793D /* MotivationTests */ = {
			isa = PBXGroup;
			children = (
				AF0C74422BD7507100A7793D /* MotivationTests.swift */,
			);
			path = MotivationTests;
			sourceTree = "<group>";
		};
/* End PBXGroup section */

/* Begin PBXNativeTarget section */
		AF0C74272BD7507000A7793D /* Motivation */ = {
			isa = PBXNativeTarget;
			buildConfigurationList = AF0C74522BD7507100A7793D /* Build configuration list for PBXNativeTarget "Motivation" */;
			buildPhases = (
				AF0C74242BD7507000A7793D /* Sources */,
				AF0C74252BD7507000A7793D /* Frameworks */,
				AF0C74262BD7507000A7793D /* Resources */,
			);
			buildRules = (
			);
			dependencies = (
				AF6022452BE1DC530076F454 /* PBXTargetDependency */,
			);
			name = Motivation;
			productName = Motivation;
			productReference = AF0C74282BD7507000A7793D /* Motivation.app */;
			productType = "com.apple.product-type.application";
		};
		AF0C743D2BD7507100A7793D /* MotivationTests */ = {
			isa = PBXNativeTarget;
			buildConfigurationList = AF0C74552BD7507100A7793D /* Build configuration list for PBXNativeTarget "MotivationTests" */;
			buildPhases = (
				AF9BAE0B2BE82579000186F5 /* SwiftFormat */,
				AF0C743A2BD7507100A7793D /* Sources */,
				AF0C743B2BD7507100A7793D /* Frameworks */,
				AF0C743C2BD7507100A7793D /* Resources */,
			);
			buildRules = (
			);
			dependencies = (
				AF0C74402BD7507100A7793D /* PBXTargetDependency */,
			);
			name = MotivationTests;
			productName = MotivationTests;
			productReference = AF0C743E2BD7507100A7793D /* MotivationTests.xctest */;
			productType = "com.apple.product-type.bundle.unit-test";
		};
/* End PBXNativeTarget section */

/* Begin PBXProject section */
		AF0C74202BD7507000A7793D /* Project object */ = {
			isa = PBXProject;
			attributes = {
				BuildIndependentTargetsInParallel = 1;
				LastSwiftUpdateCheck = 1520;
				LastUpgradeCheck = 1520;
				TargetAttributes = {
					AF0C74272BD7507000A7793D = {
						CreatedOnToolsVersion = 15.2;
					};
					AF0C743D2BD7507100A7793D = {
						CreatedOnToolsVersion = 15.2;
						TestTargetID = AF0C74272BD7507000A7793D;
					};
				};
			};
			buildConfigurationList = AF0C74232BD7507000A7793D /* Build configuration list for PBXProject "Motivation" */;
			compatibilityVersion = "Xcode 14.0";
			developmentRegion = en;
			hasScannedForEncodings = 0;
			knownRegions = (
				en,
				Base,
			);
			mainGroup = AF0C741F2BD7507000A7793D;
			packageReferences = (
				AF6022432BE1DC350076F454 /* XCRemoteSwiftPackageReference "SwiftLint" */,
				AF6022472BE279D10076F454 /* XCRemoteSwiftPackageReference "SwiftFormat" */,
			);
			productRefGroup = AF0C74292BD7507000A7793D /* Products */;
			projectDirPath = "";
			projectRoot = "";
			targets = (
				AF0C74272BD7507000A7793D /* Motivation */,
				AF0C743D2BD7507100A7793D /* MotivationTests */,
			);
		};
/* End PBXProject section */

/* Begin PBXResourcesBuildPhase section */
		AF0C74262BD7507000A7793D /* Resources */ = {
			isa = PBXResourcesBuildPhase;
			buildActionMask = 2147483647;
			files = (
				AF0C74382BD7507100A7793D /* LaunchScreen.storyboard in Resources */,
				AF0C74352BD7507100A7793D /* Assets.xcassets in Resources */,
				AF0C74332BD7507100A7793D /* Main.storyboard in Resources */,
			);
			runOnlyForDeploymentPostprocessing = 0;
		};
		AF0C743C2BD7507100A7793D /* Resources */ = {
			isa = PBXResourcesBuildPhase;
			buildActionMask = 2147483647;
			files = (
			);
			runOnlyForDeploymentPostprocessing = 0;
		};
/* End PBXResourcesBuildPhase section */

/* Begin PBXShellScriptBuildPhase section */
		AF9BAE0B2BE82579000186F5 /* SwiftFormat */ = {
			isa = PBXShellScriptBuildPhase;
			alwaysOutOfDate = 1;
			buildActionMask = 2147483647;
			files = (
			);
			inputFileListPaths = (
			);
			inputPaths = (
			);
			name = SwiftFormat;
			outputFileListPaths = (
			);
			outputPaths = (
			);
			runOnlyForDeploymentPostprocessing = 0;
			shellPath = /bin/sh;
			shellScript = "cd BuildTools\nSDKROOT=(xcrun --sdk macosx --show-sdk-path)\n#swift package update #Uncomment this line temporarily to update the version used to the latest matching your BuildTools/Package.swift file\nswift run -c release swiftformat \"$SRCROOT\"\n";
		};
/* End PBXShellScriptBuildPhase section */

/* Begin PBXSourcesBuildPhase section */
		AF0C74242BD7507000A7793D /* Sources */ = {
			isa = PBXSourcesBuildPhase;
			buildActionMask = 2147483647;
			files = (
				AF0C74302BD7507000A7793D /* ViewController.swift in Sources */,
				AF0C742C2BD7507000A7793D /* AppDelegate.swift in Sources */,
				AF0C742E2BD7507000A7793D /* SceneDelegate.swift in Sources */,
			);
			runOnlyForDeploymentPostprocessing = 0;
		};
		AF0C743A2BD7507100A7793D /* Sources */ = {
			isa = PBXSourcesBuildPhase;
			buildActionMask = 2147483647;
			files = (
				AF0C74432BD7507100A7793D /* MotivationTests.swift in Sources */,
			);
			runOnlyForDeploymentPostprocessing = 0;
		};
/* End PBXSourcesBuildPhase section */

/* Begin PBXTargetDependency section */
		AF0C74402BD7507100A7793D /* PBXTargetDependency */ = {
			isa = PBXTargetDependency;
			target = AF0C74272BD7507000A7793D /* Motivation */;
			targetProxy = AF0C743F2BD7507100A7793D /* PBXContainerItemProxy */;
		};
		AF6022452BE1DC530076F454 /* PBXTargetDependency */ = {
			isa = PBXTargetDependency;
			productRef = AF6022442BE1DC530076F454 /* SwiftLintPlugin */;
		};
/* End PBXTargetDependency section */

/* Begin PBXVariantGroup section */
		AF0C74312BD7507100A7793D /* Main.storyboard */ = {
			isa = PBXVariantGroup;
			children = (
				AF0C74322BD7507100A7793D /* Base */,
			);
			name = Main.storyboard;
			sourceTree = "<group>";
		};
		AF0C74362BD7507100A7793D /* LaunchScreen.storyboard */ = {
			isa = PBXVariantGroup;
			children = (
				AF0C74372BD7507100A7793D /* Base */,
			);
			name = LaunchScreen.storyboard;
			sourceTree = "<group>";
		};
/* End PBXVariantGroup section */

/* Begin XCBuildConfiguration section */
		AF0C74502BD7507100A7793D /* Debug */ = {
			isa = XCBuildConfiguration;
			buildSettings = {
				ALWAYS_SEARCH_USER_PATHS = NO;
				ASSETCATALOG_COMPILER_GENERATE_SWIFT_ASSET_SYMBOL_EXTENSIONS = YES;
				CLANG_ANALYZER_NONNULL = YES;
				CLANG_ANALYZER_NUMBER_OBJECT_CONVERSION = YES_AGGRESSIVE;
				CLANG_CXX_LANGUAGE_STANDARD = "gnu++20";
				CLANG_ENABLE_MODULES = YES;
				CLANG_ENABLE_OBJC_ARC = YES;
				CLANG_ENABLE_OBJC_WEAK = YES;
				CLANG_WARN_BLOCK_CAPTURE_AUTORELEASING = YES;
				CLANG_WARN_BOOL_CONVERSION = YES;
				CLANG_WARN_COMMA = YES;
				CLANG_WARN_CONSTANT_CONVERSION = YES;
				CLANG_WARN_DEPRECATED_OBJC_IMPLEMENTATIONS = YES;
				CLANG_WARN_DIRECT_OBJC_ISA_USAGE = YES_ERROR;
				CLANG_WARN_DOCUMENTATION_COMMENTS = YES;
				CLANG_WARN_EMPTY_BODY = YES;
				CLANG_WARN_ENUM_CONVERSION = YES;
				CLANG_WARN_INFINITE_RECURSION = YES;
				CLANG_WARN_INT_CONVERSION = YES;
				CLANG_WARN_NON_LITERAL_NULL_CONVERSION = YES;
				CLANG_WARN_OBJC_IMPLICIT_RETAIN_SELF = YES;
				CLANG_WARN_OBJC_LITERAL_CONVERSION = YES;
				CLANG_WARN_OBJC_ROOT_CLASS = YES_ERROR;
				CLANG_WARN_QUOTED_INCLUDE_IN_FRAMEWORK_HEADER = YES;
				CLANG_WARN_RANGE_LOOP_ANALYSIS = YES;
				CLANG_WARN_STRICT_PROTOTYPES = YES;
				CLANG_WARN_SUSPICIOUS_MOVE = YES;
				CLANG_WARN_UNGUARDED_AVAILABILITY = YES_AGGRESSIVE;
				CLANG_WARN_UNREACHABLE_CODE = YES;
				CLANG_WARN__DUPLICATE_METHOD_MATCH = YES;
				COPY_PHASE_STRIP = NO;
				DEBUG_INFORMATION_FORMAT = dwarf;
				ENABLE_STRICT_OBJC_MSGSEND = YES;
				ENABLE_TESTABILITY = YES;
				ENABLE_USER_SCRIPT_SANDBOXING = YES;
				GCC_C_LANGUAGE_STANDARD = gnu17;
				GCC_DYNAMIC_NO_PIC = NO;
				GCC_NO_COMMON_BLOCKS = YES;
				GCC_OPTIMIZATION_LEVEL = 0;
				GCC_PREPROCESSOR_DEFINITIONS = (
					"DEBUG=1",
					"$(inherited)",
				);
				GCC_WARN_64_TO_32_BIT_CONVERSION = YES;
				GCC_WARN_ABOUT_RETURN_TYPE = YES_ERROR;
				GCC_WARN_UNDECLARED_SELECTOR = YES;
				GCC_WARN_UNINITIALIZED_AUTOS = YES_AGGRESSIVE;
				GCC_WARN_UNUSED_FUNCTION = YES;
				GCC_WARN_UNUSED_VARIABLE = YES;
				IPHONEOS_DEPLOYMENT_TARGET = 17.2;
				LOCALIZATION_PREFERS_STRING_CATALOGS = YES;
				MTL_ENABLE_DEBUG_INFO = INCLUDE_SOURCE;
				MTL_FAST_MATH = YES;
				ONLY_ACTIVE_ARCH = YES;
				SDKROOT = iphoneos;
				SWIFT_ACTIVE_COMPILATION_CONDITIONS = "DEBUG $(inherited)";
				SWIFT_OPTIMIZATION_LEVEL = "-Onone";
			};
			name = Debug;
		};
		AF0C74512BD7507100A7793D /* Release */ = {
			isa = XCBuildConfiguration;
			buildSettings = {
				ALWAYS_SEARCH_USER_PATHS = NO;
				ASSETCATALOG_COMPILER_GENERATE_SWIFT_ASSET_SYMBOL_EXTENSIONS = YES;
				CLANG_ANALYZER_NONNULL = YES;
				CLANG_ANALYZER_NUMBER_OBJECT_CONVERSION = YES_AGGRESSIVE;
				CLANG_CXX_LANGUAGE_STANDARD = "gnu++20";
				CLANG_ENABLE_MODULES = YES;
				CLANG_ENABLE_OBJC_ARC = YES;
				CLANG_ENABLE_OBJC_WEAK = YES;
				CLANG_WARN_BLOCK_CAPTURE_AUTORELEASING = YES;
				CLANG_WARN_BOOL_CONVERSION = YES;
				CLANG_WARN_COMMA = YES;
				CLANG_WARN_CONSTANT_CONVERSION = YES;
				CLANG_WARN_DEPRECATED_OBJC_IMPLEMENTATIONS = YES;
				CLANG_WARN_DIRECT_OBJC_ISA_USAGE = YES_ERROR;
				CLANG_WARN_DOCUMENTATION_COMMENTS = YES;
				CLANG_WARN_EMPTY_BODY = YES;
				CLANG_WARN_ENUM_CONVERSION = YES;
				CLANG_WARN_INFINITE_RECURSION = YES;
				CLANG_WARN_INT_CONVERSION = YES;
				CLANG_WARN_NON_LITERAL_NULL_CONVERSION = YES;
				CLANG_WARN_OBJC_IMPLICIT_RETAIN_SELF = YES;
				CLANG_WARN_OBJC_LITERAL_CONVERSION = YES;
				CLANG_WARN_OBJC_ROOT_CLASS = YES_ERROR;
				CLANG_WARN_QUOTED_INCLUDE_IN_FRAMEWORK_HEADER = YES;
				CLANG_WARN_RANGE_LOOP_ANALYSIS = YES;
				CLANG_WARN_STRICT_PROTOTYPES = YES;
				CLANG_WARN_SUSPICIOUS_MOVE = YES;
				CLANG_WARN_UNGUARDED_AVAILABILITY = YES_AGGRESSIVE;
				CLANG_WARN_UNREACHABLE_CODE = YES;
				CLANG_WARN__DUPLICATE_METHOD_MATCH = YES;
				COPY_PHASE_STRIP = NO;
				DEBUG_INFORMATION_FORMAT = "dwarf-with-dsym";
				ENABLE_NS_ASSERTIONS = NO;
				ENABLE_STRICT_OBJC_MSGSEND = YES;
				ENABLE_USER_SCRIPT_SANDBOXING = YES;
				GCC_C_LANGUAGE_STANDARD = gnu17;
				GCC_NO_COMMON_BLOCKS = YES;
				GCC_WARN_64_TO_32_BIT_CONVERSION = YES;
				GCC_WARN_ABOUT_RETURN_TYPE = YES_ERROR;
				GCC_WARN_UNDECLARED_SELECTOR = YES;
				GCC_WARN_UNINITIALIZED_AUTOS = YES_AGGRESSIVE;
				GCC_WARN_UNUSED_FUNCTION = YES;
				GCC_WARN_UNUSED_VARIABLE = YES;
				IPHONEOS_DEPLOYMENT_TARGET = 17.2;
				LOCALIZATION_PREFERS_STRING_CATALOGS = YES;
				MTL_ENABLE_DEBUG_INFO = NO;
				MTL_FAST_MATH = YES;
				SDKROOT = iphoneos;
				SWIFT_COMPILATION_MODE = wholemodule;
				VALIDATE_PRODUCT = YES;
			};
			name = Release;
		};
		AF0C74532BD7507100A7793D /* Debug */ = {
			isa = XCBuildConfiguration;
			buildSettings = {
				ASSETCATALOG_COMPILER_APPICON_NAME = AppIcon;
				ASSETCATALOG_COMPILER_GLOBAL_ACCENT_COLOR_NAME = AccentColor;
				CODE_SIGN_STYLE = Manual;
				CURRENT_PROJECT_VERSION = 1;
				DEVELOPMENT_TEAM = "";
				ENABLE_USER_SCRIPT_SANDBOXING = YES;
				GENERATE_INFOPLIST_FILE = YES;
				INFOPLIST_FILE = Motivation/Info.plist;
				INFOPLIST_KEY_CFBundleDisplayName = MotivationApp;
				INFOPLIST_KEY_LSApplicationCategoryType = "public.app-category.lifestyle";
				INFOPLIST_KEY_UIApplicationSupportsIndirectInputEvents = YES;
				INFOPLIST_KEY_UILaunchStoryboardName = LaunchScreen;
				INFOPLIST_KEY_UIMainStoryboardFile = Main;
				INFOPLIST_KEY_UISupportedInterfaceOrientations = UIInterfaceOrientationPortrait;
				IPHONEOS_DEPLOYMENT_TARGET = 16.0;
				LD_RUNPATH_SEARCH_PATHS = (
					"$(inherited)",
					"@executable_path/Frameworks",
				);
				MARKETING_VERSION = 0.0.1;
				PRODUCT_BUNDLE_IDENTIFIER = com.auric.motivation;
				PRODUCT_NAME = "$(TARGET_NAME)";
				PROVISIONING_PROFILE_SPECIFIER = "";
				SUPPORTED_PLATFORMS = "iphoneos iphonesimulator";
				SUPPORTS_MACCATALYST = NO;
				SUPPORTS_MAC_DESIGNED_FOR_IPHONE_IPAD = NO;
				SUPPORTS_XR_DESIGNED_FOR_IPHONE_IPAD = NO;
				SWIFT_EMIT_LOC_STRINGS = YES;
				SWIFT_VERSION = 5.0;
				TARGETED_DEVICE_FAMILY = "1,2";
			};
			name = Debug;
		};
		AF0C74542BD7507100A7793D /* Release */ = {
			isa = XCBuildConfiguration;
			buildSettings = {
				ASSETCATALOG_COMPILER_APPICON_NAME = AppIcon;
				ASSETCATALOG_COMPILER_GLOBAL_ACCENT_COLOR_NAME = AccentColor;
				CODE_SIGN_STYLE = Manual;
				CURRENT_PROJECT_VERSION = 1;
				DEVELOPMENT_TEAM = "";
				ENABLE_USER_SCRIPT_SANDBOXING = YES;
				GENERATE_INFOPLIST_FILE = YES;
				INFOPLIST_FILE = Motivation/Info.plist;
				INFOPLIST_KEY_CFBundleDisplayName = MotivationApp;
				INFOPLIST_KEY_LSApplicationCategoryType = "public.app-category.lifestyle";
				INFOPLIST_KEY_UIApplicationSupportsIndirectInputEvents = YES;
				INFOPLIST_KEY_UILaunchStoryboardName = LaunchScreen;
				INFOPLIST_KEY_UIMainStoryboardFile = Main;
				INFOPLIST_KEY_UISupportedInterfaceOrientations = UIInterfaceOrientationPortrait;
				IPHONEOS_DEPLOYMENT_TARGET = 16.0;
				LD_RUNPATH_SEARCH_PATHS = (
					"$(inherited)",
					"@executable_path/Frameworks",
				);
				MARKETING_VERSION = 0.0.1;
				PRODUCT_BUNDLE_IDENTIFIER = com.auric.motivation;
				PRODUCT_NAME = "$(TARGET_NAME)";
				PROVISIONING_PROFILE_SPECIFIER = "";
				SUPPORTED_PLATFORMS = "iphoneos iphonesimulator";
				SUPPORTS_MACCATALYST = NO;
				SUPPORTS_MAC_DESIGNED_FOR_IPHONE_IPAD = NO;
				SUPPORTS_XR_DESIGNED_FOR_IPHONE_IPAD = NO;
				SWIFT_EMIT_LOC_STRINGS = YES;
				SWIFT_VERSION = 5.0;
				TARGETED_DEVICE_FAMILY = "1,2";
			};
			name = Release;
		};
		AF0C74562BD7507100A7793D /* Debug */ = {
			isa = XCBuildConfiguration;
			buildSettings = {
				ALWAYS_EMBED_SWIFT_STANDARD_LIBRARIES = YES;
				BUNDLE_LOADER = "$(TEST_HOST)";
				CODE_SIGN_STYLE = Automatic;
				CURRENT_PROJECT_VERSION = 1;
				ENABLE_USER_SCRIPT_SANDBOXING = NO;
				GENERATE_INFOPLIST_FILE = YES;
				IPHONEOS_DEPLOYMENT_TARGET = 17.2;
				MARKETING_VERSION = 1.0;
				PRODUCT_BUNDLE_IDENTIFIER = com.auric.motivation.MotivationTests;
				PRODUCT_NAME = "$(TARGET_NAME)";
				SWIFT_EMIT_LOC_STRINGS = NO;
				SWIFT_VERSION = 5.0;
				TARGETED_DEVICE_FAMILY = "1,2";
				TEST_HOST = "$(BUILT_PRODUCTS_DIR)/Motivation.app/$(BUNDLE_EXECUTABLE_FOLDER_PATH)/Motivation";
			};
			name = Debug;
		};
		AF0C74572BD7507100A7793D /* Release */ = {
			isa = XCBuildConfiguration;
			buildSettings = {
				ALWAYS_EMBED_SWIFT_STANDARD_LIBRARIES = YES;
				BUNDLE_LOADER = "$(TEST_HOST)";
				CODE_SIGN_STYLE = Automatic;
				CURRENT_PROJECT_VERSION = 1;
				ENABLE_USER_SCRIPT_SANDBOXING = NO;
				GENERATE_INFOPLIST_FILE = YES;
				IPHONEOS_DEPLOYMENT_TARGET = 17.2;
				MARKETING_VERSION = 1.0;
				PRODUCT_BUNDLE_IDENTIFIER = com.auric.motivation.MotivationTests;
				PRODUCT_NAME = "$(TARGET_NAME)";
				SWIFT_EMIT_LOC_STRINGS = NO;
				SWIFT_VERSION = 5.0;
				TARGETED_DEVICE_FAMILY = "1,2";
				TEST_HOST = "$(BUILT_PRODUCTS_DIR)/Motivation.app/$(BUNDLE_EXECUTABLE_FOLDER_PATH)/Motivation";
			};
			name = Release;
		};
/* End XCBuildConfiguration section */

/* Begin XCConfigurationList section */
		AF0C74232BD7507000A7793D /* Build configuration list for PBXProject "Motivation" */ = {
			isa = XCConfigurationList;
			buildConfigurations = (
				AF0C74502BD7507100A7793D /* Debug */,
				AF0C74512BD7507100A7793D /* Release */,
			);
			defaultConfigurationIsVisible = 0;
			defaultConfigurationName = Release;
		};
		AF0C74522BD7507100A7793D /* Build configuration list for PBXNativeTarget "Motivation" */ = {
			isa = XCConfigurationList;
			buildConfigurations = (
				AF0C74532BD7507100A7793D /* Debug */,
				AF0C74542BD7507100A7793D /* Release */,
			);
			defaultConfigurationIsVisible = 0;
			defaultConfigurationName = Release;
		};
		AF0C74552BD7507100A7793D /* Build configuration list for PBXNativeTarget "MotivationTests" */ = {
			isa = XCConfigurationList;
			buildConfigurations = (
				AF0C74562BD7507100A7793D /* Debug */,
				AF0C74572BD7507100A7793D /* Release */,
			);
			defaultConfigurationIsVisible = 0;
			defaultConfigurationName = Release;
		};
/* End XCConfigurationList section */

/* Begin XCRemoteSwiftPackageReference section */
		AF6022432BE1DC350076F454 /* XCRemoteSwiftPackageReference "SwiftLint" */ = {
			isa = XCRemoteSwiftPackageReference;
			repositoryURL = "https://github.com/realm/SwiftLint.git";
			requirement = {
				kind = exactVersion;
				version = 0.54.0;
			};
		};
		AF6022472BE279D10076F454 /* XCRemoteSwiftPackageReference "SwiftFormat" */ = {
			isa = XCRemoteSwiftPackageReference;
			repositoryURL = "https://github.com/nicklockwood/SwiftFormat.git";
			requirement = {
				kind = exactVersion;
				version = 0.53.8;
			};
		};
/* End XCRemoteSwiftPackageReference section */

/* Begin XCSwiftPackageProductDependency section */
		AF6022442BE1DC530076F454 /* SwiftLintPlugin */ = {
			isa = XCSwiftPackageProductDependency;
			package = AF6022432BE1DC350076F454 /* XCRemoteSwiftPackageReference "SwiftLint" */;
			productName = "plugin:SwiftLintPlugin";
		};
/* End XCSwiftPackageProductDependency section */
	};
	rootObject = AF0C74202BD7507000A7793D /* Project object */;
}
